
Microsoft Visual Studio Solution File, Format Version 12.00
Project("{FAE04EC0-301F-11D3-BF4B-00C04F79EFBC}") = "POO", "POO\POO.csproj", "{8B1CCEA1-798F-4EC5-A9FB-E3EF631BE3FE}"
EndProject
Project("{FAE04EC0-301F-11D3-BF4B-00C04F79EFBC}") = "POO.Testes", "POO.Testes\POO.Testes.csproj", "{0BECDBFA-43C5-482B-906C-CE3CDD8EC10C}"
EndProject
Global
	GlobalSection(SolutionConfigurationPlatforms) = preSolution
		Debug|Any CPU = Debug|Any CPU
		Release|Any CPU = Release|Any CPU
	EndGlobalSection
	GlobalSection(ProjectConfigurationPlatforms) = postSolution
		{8B1CCEA1-798F-4EC5-A9FB-E3EF631BE3FE}.Debug|Any CPU.ActiveCfg = Debug|Any CPU
		{8B1CCEA1-798F-4EC5-A9FB-E3EF631BE3FE}.Debug|Any CPU.Build.0 = Debug|Any CPU
		{8B1CCEA1-798F-4EC5-A9FB-E3EF631BE3FE}.Release|Any CPU.ActiveCfg = Release|Any CPU
		{8B1CCEA1-798F-4EC5-A9FB-E3EF631BE3FE}.Release|Any CPU.Build.0 = Release|Any CPU
		{0BECDBFA-43C5-482B-906C-CE3CDD8EC10C}.Debug|Any CPU.ActiveCfg = Debug|Any CPU
		{0BECDBFA-43C5-482B-906C-CE3CDD8EC10C}.Debug|Any CPU.Build.0 = Debug|Any CPU
		{0BECDBFA-43C5-482B-906C-CE3CDD8EC10C}.Release|Any CPU.ActiveCfg = Release|Any CPU
		{0BECDBFA-43C5-482B-906C-CE3CDD8EC10C}.Release|Any CPU.Build.0 = Release|Any CPU
	EndGlobalSection
EndGlobal
